
Microsoft Visual Studio Solution File, Format Version 12.00
Project("{FAE04EC0-301F-11D3-BF4B-00C04F79EFBC}") = "SPUtils", "SPUtils.csproj", "{CBE7D406-CA95-4808-9C34-4647211FE49B}"
EndProject
Global
	GlobalSection(SolutionConfigurationPlatforms) = preSolution
		Debug|Any CPU = Debug|Any CPU
		Release|Any CPU = Release|Any CPU
	EndGlobalSection
	GlobalSection(ProjectConfigurationPlatforms) = postSolution
		{CBE7D406-CA95-4808-9C34-4647211FE49B}.Debug|Any CPU.ActiveCfg = Debug|Any CPU
		{CBE7D406-CA95-4808-9C34-4647211FE49B}.Debug|Any CPU.Build.0 = Debug|Any CPU
		{CBE7D406-CA95-4808-9C34-4647211FE49B}.Release|Any CPU.ActiveCfg = Release|Any CPU
		{CBE7D406-CA95-4808-9C34-4647211FE49B}.Release|Any CPU.Build.0 = Release|Any CPU
	EndGlobalSection
EndGlobal
